// !$*UTF8*$!
{
	archiveVersion = 1;
	classes = {
	};
	objectVersion = 51;
	objects = {

/* Begin PBXBuildFile section */
		1176271C22CE0E4500A99999 /* ActivityStoryboard.storyboard in Resources */ = {isa = PBXBuildFile; fileRef = 1176271A22CE0E4500A99999 /* ActivityStoryboard.storyboard */; };
		1176271D22CE0E4500A99999 /* ActivityViewController.swift in Sources */ = {isa = PBXBuildFile; fileRef = 1176271B22CE0E4500A99999 /* ActivityViewController.swift */; };
		157AAC2C22CC91B8001A8154 /* AppDelegate.swift in Sources */ = {isa = PBXBuildFile; fileRef = 157AAC2B22CC91B8001A8154 /* AppDelegate.swift */; };
		157AAC2E22CC91B8001A8154 /* ViewController.swift in Sources */ = {isa = PBXBuildFile; fileRef = 157AAC2D22CC91B8001A8154 /* ViewController.swift */; };
		157AAC3122CC91B8001A8154 /* Main.storyboard in Resources */ = {isa = PBXBuildFile; fileRef = 157AAC2F22CC91B8001A8154 /* Main.storyboard */; };
		157AAC3422CC91B8001A8154 /* iOSClub.xcdatamodeld in Sources */ = {isa = PBXBuildFile; fileRef = 157AAC3222CC91B8001A8154 /* iOSClub.xcdatamodeld */; };
		157AAC3622CC91B9001A8154 /* Assets.xcassets in Resources */ = {isa = PBXBuildFile; fileRef = 157AAC3522CC91B9001A8154 /* Assets.xcassets */; };
		157AAC3922CC91B9001A8154 /* LaunchScreen.storyboard in Resources */ = {isa = PBXBuildFile; fileRef = 157AAC3722CC91B9001A8154 /* LaunchScreen.storyboard */; };
		1FD625C222CDF7A400A04E92 /* NaviViewController.swift in Sources */ = {isa = PBXBuildFile; fileRef = 1FD625C122CDF7A400A04E92 /* NaviViewController.swift */; };
		1FD625C422CDFF7100A04E92 /* TheMainMidViewController.swift in Sources */ = {isa = PBXBuildFile; fileRef = 1FD625C322CDFF7100A04E92 /* TheMainMidViewController.swift */; };
		1FFDDBE722D07F300029D317 /* ImageSlideshowViewController.swift in Sources */ = {isa = PBXBuildFile; fileRef = 1FFDDBE622D07F300029D317 /* ImageSlideshowViewController.swift */; };
		1FFDDBE922D0A22F0029D317 /* TheMainTableViewController.swift in Sources */ = {isa = PBXBuildFile; fileRef = 1FFDDBE822D0A22F0029D317 /* TheMainTableViewController.swift */; };
		24A217CF22D44285008E366F /* XcodeSimulatorViewController.swift in Sources */ = {isa = PBXBuildFile; fileRef = 24A217CE22D44285008E366F /* XcodeSimulatorViewController.swift */; };
		24F174C622CEF60F00C8181D /* GamePlayingViewController.swift in Sources */ = {isa = PBXBuildFile; fileRef = 24F174C522CEF60F00C8181D /* GamePlayingViewController.swift */; };
		24F174D122D05CF200C8181D /* GameFinishViewController.swift in Sources */ = {isa = PBXBuildFile; fileRef = 24F174D022D05CF200C8181D /* GameFinishViewController.swift */; };
		3B019EF622CF33E8009AD27B /* AboutUsData.swift in Sources */ = {isa = PBXBuildFile; fileRef = B785B55322CDD3AB00F6BAB0 /* AboutUsData.swift */; };
		3B019EFD22CF5F07009AD27B /* Quiz.swift in Sources */ = {isa = PBXBuildFile; fileRef = 3B019EFC22CF5F07009AD27B /* Quiz.swift */; };
		3B0A462D22CDB162008CCF1C /* GameViewController.swift in Sources */ = {isa = PBXBuildFile; fileRef = 3B0A462C22CDB162008CCF1C /* GameViewController.swift */; };
		3B0A463122CDB364008CCF1C /* GameStoryboard.storyboard in Resources */ = {isa = PBXBuildFile; fileRef = 3B0A463022CDB364008CCF1C /* GameStoryboard.storyboard */; };
		3B0A463322CDB70A008CCF1C /* TheMainStoryboard.storyboard in Resources */ = {isa = PBXBuildFile; fileRef = 3B0A463222CDB70A008CCF1C /* TheMainStoryboard.storyboard */; };
		4225045722CF229700063948 /* TimelinePoint.swift in Sources */ = {isa = PBXBuildFile; fileRef = 4225045322CF229700063948 /* TimelinePoint.swift */; };
		4225045822CF229700063948 /* TimelineTableViewCell.swift in Sources */ = {isa = PBXBuildFile; fileRef = 4225045422CF229700063948 /* TimelineTableViewCell.swift */; };
		4225045922CF229700063948 /* TimelineTableViewCell.xib in Resources */ = {isa = PBXBuildFile; fileRef = 4225045522CF229700063948 /* TimelineTableViewCell.xib */; };
		4225045A22CF229700063948 /* Timeline.swift in Sources */ = {isa = PBXBuildFile; fileRef = 4225045622CF229700063948 /* Timeline.swift */; };
		424F034C22CF51FF00B5F3DA /* AboutUsTableViewCell.swift in Sources */ = {isa = PBXBuildFile; fileRef = 424F034A22CF51FF00B5F3DA /* AboutUsTableViewCell.swift */; };
		424F034D22CF51FF00B5F3DA /* AboutUsTableViewCell.xib in Resources */ = {isa = PBXBuildFile; fileRef = 424F034B22CF51FF00B5F3DA /* AboutUsTableViewCell.xib */; };
		424F035022CF5AB500B5F3DA /* CollapsibleTableViewHeader.swift in Sources */ = {isa = PBXBuildFile; fileRef = 424F034E22CF5AB500B5F3DA /* CollapsibleTableViewHeader.swift */; };
		424F035122CF5AB500B5F3DA /* CollapsibleTableSectionViewController.swift in Sources */ = {isa = PBXBuildFile; fileRef = 424F034F22CF5AB500B5F3DA /* CollapsibleTableSectionViewController.swift */; };
		424F035322CF5BF200B5F3DA /* Pods_iOSClub.framework in Frameworks */ = {isa = PBXBuildFile; fileRef = 424F035222CF5BF200B5F3DA /* Pods_iOSClub.framework */; };
		427F9B4522CFDA4200C525C9 /* AboutUsViewController.swift in Sources */ = {isa = PBXBuildFile; fileRef = 427F9B4422CFDA4200C525C9 /* AboutUsViewController.swift */; };
		7638E40922CDD83D00951660 /* curriculumStoryboard.storyboard in Resources */ = {isa = PBXBuildFile; fileRef = 7638E40822CDD83D00951660 /* curriculumStoryboard.storyboard */; };
		767AF5F422D3C42B0088CC7F /* xcodeLibTableViewCell.swift in Sources */ = {isa = PBXBuildFile; fileRef = 767AF5F322D3C42B0088CC7F /* xcodeLibTableViewCell.swift */; };
		7698357522D1DCFA00979602 /* xcodeTableViewController.swift in Sources */ = {isa = PBXBuildFile; fileRef = 7698357422D1DCFA00979602 /* xcodeTableViewController.swift */; };
		7698357722D1E3EB00979602 /* xcodeStoryboard.storyboard in Resources */ = {isa = PBXBuildFile; fileRef = 7698357622D1E3EB00979602 /* xcodeStoryboard.storyboard */; };
		76AC4B3E22CEF5D300D492EF /* CurriculumCollectionViewCell.swift in Sources */ = {isa = PBXBuildFile; fileRef = 76AC4B3D22CEF5D300D492EF /* CurriculumCollectionViewCell.swift */; };
		76AC4B3F22CEF90100D492EF /* curriculumStoryboardCollectionViewController.swift in Sources */ = {isa = PBXBuildFile; fileRef = 7638E40C22CDE3AA00951660 /* curriculumStoryboardCollectionViewController.swift */; };
		B76239FC22CEF93E00D9A2DC /* AboutUsData.swift in Sources */ = {isa = PBXBuildFile; fileRef = B785B55322CDD3AB00F6BAB0 /* AboutUsData.swift */; };
		B785B54E22CDB39700F6BAB0 /* AboutUsStoryboard.storyboard in Resources */ = {isa = PBXBuildFile; fileRef = B785B54D22CDB39700F6BAB0 /* AboutUsStoryboard.storyboard */; };
/* End PBXBuildFile section */

/* Begin PBXFileReference section */
		03D82A904314DE6C9E4722A5 /* Pods-iOSClub.release.xcconfig */ = {isa = PBXFileReference; includeInIndex = 1; lastKnownFileType = text.xcconfig; name = "Pods-iOSClub.release.xcconfig"; path = "Pods/Target Support Files/Pods-iOSClub/Pods-iOSClub.release.xcconfig"; sourceTree = "<group>"; };
		1176271A22CE0E4500A99999 /* ActivityStoryboard.storyboard */ = {isa = PBXFileReference; fileEncoding = 4; lastKnownFileType = file.storyboard; path = ActivityStoryboard.storyboard; sourceTree = "<group>"; };
		1176271B22CE0E4500A99999 /* ActivityViewController.swift */ = {isa = PBXFileReference; fileEncoding = 4; lastKnownFileType = sourcecode.swift; path = ActivityViewController.swift; sourceTree = "<group>"; };
		157AAC2822CC91B7001A8154 /* iOSClub.app */ = {isa = PBXFileReference; explicitFileType = wrapper.application; includeInIndex = 0; path = iOSClub.app; sourceTree = BUILT_PRODUCTS_DIR; };
		157AAC2B22CC91B8001A8154 /* AppDelegate.swift */ = {isa = PBXFileReference; lastKnownFileType = sourcecode.swift; path = AppDelegate.swift; sourceTree = "<group>"; };
		157AAC2D22CC91B8001A8154 /* ViewController.swift */ = {isa = PBXFileReference; lastKnownFileType = sourcecode.swift; path = ViewController.swift; sourceTree = "<group>"; };
		157AAC3022CC91B8001A8154 /* Base */ = {isa = PBXFileReference; lastKnownFileType = file.storyboard; name = Base; path = Base.lproj/Main.storyboard; sourceTree = "<group>"; };
		157AAC3322CC91B8001A8154 /* iOSClub.xcdatamodel */ = {isa = PBXFileReference; lastKnownFileType = wrapper.xcdatamodel; path = iOSClub.xcdatamodel; sourceTree = "<group>"; };
		157AAC3522CC91B9001A8154 /* Assets.xcassets */ = {isa = PBXFileReference; lastKnownFileType = folder.assetcatalog; path = Assets.xcassets; sourceTree = "<group>"; };
		157AAC3822CC91B9001A8154 /* Base */ = {isa = PBXFileReference; lastKnownFileType = file.storyboard; name = Base; path = Base.lproj/LaunchScreen.storyboard; sourceTree = "<group>"; };
		157AAC3A22CC91B9001A8154 /* Info.plist */ = {isa = PBXFileReference; lastKnownFileType = text.plist.xml; path = Info.plist; sourceTree = "<group>"; };
		1FD625C122CDF7A400A04E92 /* NaviViewController.swift */ = {isa = PBXFileReference; lastKnownFileType = sourcecode.swift; path = NaviViewController.swift; sourceTree = "<group>"; };
		1FD625C322CDFF7100A04E92 /* TheMainMidViewController.swift */ = {isa = PBXFileReference; lastKnownFileType = sourcecode.swift; path = TheMainMidViewController.swift; sourceTree = "<group>"; };
		1FFDDBE622D07F300029D317 /* ImageSlideshowViewController.swift */ = {isa = PBXFileReference; lastKnownFileType = sourcecode.swift; path = ImageSlideshowViewController.swift; sourceTree = "<group>"; };
		1FFDDBE822D0A22F0029D317 /* TheMainTableViewController.swift */ = {isa = PBXFileReference; lastKnownFileType = sourcecode.swift; path = TheMainTableViewController.swift; sourceTree = "<group>"; };
		24A217CE22D44285008E366F /* XcodeSimulatorViewController.swift */ = {isa = PBXFileReference; lastKnownFileType = sourcecode.swift; path = XcodeSimulatorViewController.swift; sourceTree = "<group>"; };
		24F174BF22CEECF100C8181D /* TimelineTableViewCell.framework */ = {isa = PBXFileReference; explicitFileType = wrapper.framework; path = TimelineTableViewCell.framework; sourceTree = BUILT_PRODUCTS_DIR; };
		24F174C122CEECFB00C8181D /* Alamofire.framework */ = {isa = PBXFileReference; explicitFileType = wrapper.framework; path = Alamofire.framework; sourceTree = BUILT_PRODUCTS_DIR; };
		24F174C522CEF60F00C8181D /* GamePlayingViewController.swift */ = {isa = PBXFileReference; lastKnownFileType = sourcecode.swift; path = GamePlayingViewController.swift; sourceTree = "<group>"; };
		24F174C922CF027F00C8181D /* Quiz.swift */ = {isa = PBXFileReference; lastKnownFileType = sourcecode.swift; path = Quiz.swift; sourceTree = "<group>"; };
		24F174D022D05CF200C8181D /* GameFinishViewController.swift */ = {isa = PBXFileReference; lastKnownFileType = sourcecode.swift; path = GameFinishViewController.swift; sourceTree = "<group>"; };
		3B019EFC22CF5F07009AD27B /* Quiz.swift */ = {isa = PBXFileReference; fileEncoding = 4; lastKnownFileType = sourcecode.swift; name = Quiz.swift; path = iOSClub/Quiz.swift; sourceTree = SOURCE_ROOT; };
		3B0A462C22CDB162008CCF1C /* GameViewController.swift */ = {isa = PBXFileReference; lastKnownFileType = sourcecode.swift; path = GameViewController.swift; sourceTree = "<group>"; };
		3B0A463022CDB364008CCF1C /* GameStoryboard.storyboard */ = {isa = PBXFileReference; lastKnownFileType = file.storyboard; path = GameStoryboard.storyboard; sourceTree = "<group>"; };
		3B0A463222CDB70A008CCF1C /* TheMainStoryboard.storyboard */ = {isa = PBXFileReference; lastKnownFileType = file.storyboard; path = TheMainStoryboard.storyboard; sourceTree = "<group>"; };
		3B0A463422CDB759008CCF1C /* TheMainViewController.swift */ = {isa = PBXFileReference; lastKnownFileType = sourcecode.swift; path = TheMainViewController.swift; sourceTree = "<group>"; };
		4225045322CF229700063948 /* TimelinePoint.swift */ = {isa = PBXFileReference; fileEncoding = 4; lastKnownFileType = sourcecode.swift; path = TimelinePoint.swift; sourceTree = "<group>"; };
		4225045422CF229700063948 /* TimelineTableViewCell.swift */ = {isa = PBXFileReference; fileEncoding = 4; lastKnownFileType = sourcecode.swift; path = TimelineTableViewCell.swift; sourceTree = "<group>"; };
		4225045522CF229700063948 /* TimelineTableViewCell.xib */ = {isa = PBXFileReference; fileEncoding = 4; lastKnownFileType = file.xib; path = TimelineTableViewCell.xib; sourceTree = "<group>"; };
		4225045622CF229700063948 /* Timeline.swift */ = {isa = PBXFileReference; fileEncoding = 4; lastKnownFileType = sourcecode.swift; path = Timeline.swift; sourceTree = "<group>"; };
		424F034A22CF51FF00B5F3DA /* AboutUsTableViewCell.swift */ = {isa = PBXFileReference; lastKnownFileType = sourcecode.swift; path = AboutUsTableViewCell.swift; sourceTree = "<group>"; };
		424F034B22CF51FF00B5F3DA /* AboutUsTableViewCell.xib */ = {isa = PBXFileReference; lastKnownFileType = file.xib; path = AboutUsTableViewCell.xib; sourceTree = "<group>"; };
		424F034E22CF5AB500B5F3DA /* CollapsibleTableViewHeader.swift */ = {isa = PBXFileReference; fileEncoding = 4; lastKnownFileType = sourcecode.swift; path = CollapsibleTableViewHeader.swift; sourceTree = "<group>"; };
		424F034F22CF5AB500B5F3DA /* CollapsibleTableSectionViewController.swift */ = {isa = PBXFileReference; fileEncoding = 4; lastKnownFileType = sourcecode.swift; path = CollapsibleTableSectionViewController.swift; sourceTree = "<group>"; };
		424F035222CF5BF200B5F3DA /* Pods_iOSClub.framework */ = {isa = PBXFileReference; explicitFileType = wrapper.framework; path = Pods_iOSClub.framework; sourceTree = BUILT_PRODUCTS_DIR; };
		427F9B4422CFDA4200C525C9 /* AboutUsViewController.swift */ = {isa = PBXFileReference; lastKnownFileType = sourcecode.swift; path = AboutUsViewController.swift; sourceTree = "<group>"; };
		6CB93BD89AA300D0A4B5CDFA /* Pods-iOSClub.debug.xcconfig */ = {isa = PBXFileReference; includeInIndex = 1; lastKnownFileType = text.xcconfig; name = "Pods-iOSClub.debug.xcconfig"; path = "Pods/Target Support Files/Pods-iOSClub/Pods-iOSClub.debug.xcconfig"; sourceTree = "<group>"; };
		7638E40822CDD83D00951660 /* curriculumStoryboard.storyboard */ = {isa = PBXFileReference; lastKnownFileType = file.storyboard; path = curriculumStoryboard.storyboard; sourceTree = "<group>"; };
		7638E40C22CDE3AA00951660 /* curriculumStoryboardCollectionViewController.swift */ = {isa = PBXFileReference; lastKnownFileType = sourcecode.swift; path = curriculumStoryboardCollectionViewController.swift; sourceTree = "<group>"; };
		767AF5F322D3C42B0088CC7F /* xcodeLibTableViewCell.swift */ = {isa = PBXFileReference; lastKnownFileType = sourcecode.swift; path = xcodeLibTableViewCell.swift; sourceTree = "<group>"; };
		7698357422D1DCFA00979602 /* xcodeTableViewController.swift */ = {isa = PBXFileReference; lastKnownFileType = sourcecode.swift; path = xcodeTableViewController.swift; sourceTree = "<group>"; };
		7698357622D1E3EB00979602 /* xcodeStoryboard.storyboard */ = {isa = PBXFileReference; lastKnownFileType = file.storyboard; path = xcodeStoryboard.storyboard; sourceTree = "<group>"; };
		76AC4B3D22CEF5D300D492EF /* CurriculumCollectionViewCell.swift */ = {isa = PBXFileReference; lastKnownFileType = sourcecode.swift; path = CurriculumCollectionViewCell.swift; sourceTree = "<group>"; };
		B785B54D22CDB39700F6BAB0 /* AboutUsStoryboard.storyboard */ = {isa = PBXFileReference; lastKnownFileType = file.storyboard; path = AboutUsStoryboard.storyboard; sourceTree = "<group>"; };
		B785B55322CDD3AB00F6BAB0 /* AboutUsData.swift */ = {isa = PBXFileReference; lastKnownFileType = sourcecode.swift; path = AboutUsData.swift; sourceTree = "<group>"; };
		E6F2A8EA00EB8AB23008B9D3 /* Pods_iOSClub.framework */ = {isa = PBXFileReference; explicitFileType = wrapper.framework; includeInIndex = 0; path = Pods_iOSClub.framework; sourceTree = BUILT_PRODUCTS_DIR; };
/* End PBXFileReference section */

/* Begin PBXFrameworksBuildPhase section */
		157AAC2522CC91B7001A8154 /* Frameworks */ = {
			isa = PBXFrameworksBuildPhase;
			buildActionMask = 2147483647;
			files = (
				424F035322CF5BF200B5F3DA /* Pods_iOSClub.framework in Frameworks */,
			);
			runOnlyForDeploymentPostprocessing = 0;
		};
/* End PBXFrameworksBuildPhase section */

/* Begin PBXGroup section */
		157AAC1F22CC91B7001A8154 = {
			isa = PBXGroup;
			children = (
				157AAC2A22CC91B8001A8154 /* iOSClub */,
				157AAC2922CC91B7001A8154 /* Products */,
				B8808122EA6DC3230431B49E /* Pods */,
				8F71F182B37E41E608F40FB8 /* Frameworks */,
				24F174CB22CF5BE000C8181D /* Recovered References */,
			);
			sourceTree = "<group>";
		};
		157AAC2922CC91B7001A8154 /* Products */ = {
			isa = PBXGroup;
			children = (
				157AAC2822CC91B7001A8154 /* iOSClub.app */,
			);
			name = Products;
			sourceTree = "<group>";
		};
		157AAC2A22CC91B8001A8154 /* iOSClub */ = {
			isa = PBXGroup;
			children = (
				760AB00522D07F4100DF0FC2 /* xcodeSimulator */,
				424F034922CF51D700B5F3DA /* AboutUs */,
				1F26B2B422D03E1E005D20F6 /* Curriculum */,
				4225045222CF227300063948 /* Timeline */,
				1F26B2B322D03DBE005D20F6 /* Main */,
				157AAC2B22CC91B8001A8154 /* AppDelegate.swift */,
				157AAC2D22CC91B8001A8154 /* ViewController.swift */,
				157AAC2F22CC91B8001A8154 /* Main.storyboard */,
				157AAC3522CC91B9001A8154 /* Assets.xcassets */,
				157AAC3722CC91B9001A8154 /* LaunchScreen.storyboard */,
				157AAC3A22CC91B9001A8154 /* Info.plist */,
				157AAC3222CC91B8001A8154 /* iOSClub.xcdatamodeld */,
				3B0A462C22CDB162008CCF1C /* GameViewController.swift */,
				3B0A463022CDB364008CCF1C /* GameStoryboard.storyboard */,
				3B019EFC22CF5F07009AD27B /* Quiz.swift */,
				1176271A22CE0E4500A99999 /* ActivityStoryboard.storyboard */,
				1176271B22CE0E4500A99999 /* ActivityViewController.swift */,
				24F174C522CEF60F00C8181D /* GamePlayingViewController.swift */,
				24F174D022D05CF200C8181D /* GameFinishViewController.swift */,
			);
			path = iOSClub;
			sourceTree = "<group>";
		};
		1F26B2B322D03DBE005D20F6 /* Main */ = {
			isa = PBXGroup;
			children = (
				3B0A463222CDB70A008CCF1C /* TheMainStoryboard.storyboard */,
				3B0A463422CDB759008CCF1C /* TheMainViewController.swift */,
				1FD625C122CDF7A400A04E92 /* NaviViewController.swift */,
				1FD625C322CDFF7100A04E92 /* TheMainMidViewController.swift */,
				1FFDDBE622D07F300029D317 /* ImageSlideshowViewController.swift */,
				1FFDDBE822D0A22F0029D317 /* TheMainTableViewController.swift */,
			);
			path = Main;
			sourceTree = "<group>";
		};
		1F26B2B422D03E1E005D20F6 /* Curriculum */ = {
			isa = PBXGroup;
			children = (
				7638E40822CDD83D00951660 /* curriculumStoryboard.storyboard */,
				7638E40C22CDE3AA00951660 /* curriculumStoryboardCollectionViewController.swift */,
				76AC4B3D22CEF5D300D492EF /* CurriculumCollectionViewCell.swift */,
			);
			path = Curriculum;
			sourceTree = "<group>";
		};
		24F174CB22CF5BE000C8181D /* Recovered References */ = {
			isa = PBXGroup;
			children = (
				24F174C922CF027F00C8181D /* Quiz.swift */,
			);
			name = "Recovered References";
			sourceTree = "<group>";
		};
		4225045222CF227300063948 /* Timeline */ = {
			isa = PBXGroup;
			children = (
				4225045622CF229700063948 /* Timeline.swift */,
				4225045322CF229700063948 /* TimelinePoint.swift */,
				4225045422CF229700063948 /* TimelineTableViewCell.swift */,
				4225045522CF229700063948 /* TimelineTableViewCell.xib */,
			);
			path = Timeline;
			sourceTree = "<group>";
		};
		424F034922CF51D700B5F3DA /* AboutUs */ = {
			isa = PBXGroup;
			children = (
				424F034F22CF5AB500B5F3DA /* CollapsibleTableSectionViewController.swift */,
				424F034E22CF5AB500B5F3DA /* CollapsibleTableViewHeader.swift */,
				424F034A22CF51FF00B5F3DA /* AboutUsTableViewCell.swift */,
				424F034B22CF51FF00B5F3DA /* AboutUsTableViewCell.xib */,
				B785B54D22CDB39700F6BAB0 /* AboutUsStoryboard.storyboard */,
				427F9B4422CFDA4200C525C9 /* AboutUsViewController.swift */,
				B785B55322CDD3AB00F6BAB0 /* AboutUsData.swift */,
			);
			path = AboutUs;
			sourceTree = "<group>";
		};
		760AB00522D07F4100DF0FC2 /* xcodeSimulator */ = {
			isa = PBXGroup;
			children = (
				7698357422D1DCFA00979602 /* xcodeTableViewController.swift */,
				7698357622D1E3EB00979602 /* xcodeStoryboard.storyboard */,
				767AF5F322D3C42B0088CC7F /* xcodeLibTableViewCell.swift */,
				24A217CE22D44285008E366F /* XcodeSimulatorViewController.swift */,
			);
			path = xcodeSimulator;
			sourceTree = "<group>";
		};
		8F71F182B37E41E608F40FB8 /* Frameworks */ = {
			isa = PBXGroup;
			children = (
				424F035222CF5BF200B5F3DA /* Pods_iOSClub.framework */,
				24F174C122CEECFB00C8181D /* Alamofire.framework */,
				24F174BF22CEECF100C8181D /* TimelineTableViewCell.framework */,
				E6F2A8EA00EB8AB23008B9D3 /* Pods_iOSClub.framework */,
			);
			name = Frameworks;
			sourceTree = "<group>";
		};
		B8808122EA6DC3230431B49E /* Pods */ = {
			isa = PBXGroup;
			children = (
				6CB93BD89AA300D0A4B5CDFA /* Pods-iOSClub.debug.xcconfig */,
				03D82A904314DE6C9E4722A5 /* Pods-iOSClub.release.xcconfig */,
			);
			name = Pods;
			sourceTree = "<group>";
		};
/* End PBXGroup section */

/* Begin PBXNativeTarget section */
		157AAC2722CC91B7001A8154 /* iOSClub */ = {
			isa = PBXNativeTarget;
			buildConfigurationList = 157AAC3D22CC91B9001A8154 /* Build configuration list for PBXNativeTarget "iOSClub" */;
			buildPhases = (
				DC66A216463D1F83C2A0943D /* [CP] Check Pods Manifest.lock */,
				157AAC2422CC91B7001A8154 /* Sources */,
				157AAC2522CC91B7001A8154 /* Frameworks */,
				157AAC2622CC91B7001A8154 /* Resources */,
				955190933F195EBA8AD8D5C8 /* [CP] Embed Pods Frameworks */,
			);
			buildRules = (
			);
			dependencies = (
			);
			name = iOSClub;
			productName = iOSClub;
			productReference = 157AAC2822CC91B7001A8154 /* iOSClub.app */;
			productType = "com.apple.product-type.application";
		};
/* End PBXNativeTarget section */

/* Begin PBXProject section */
		157AAC2022CC91B7001A8154 /* Project object */ = {
			isa = PBXProject;
			attributes = {
				LastSwiftUpdateCheck = 0940;
				LastUpgradeCheck = 0940;
				ORGANIZATIONNAME = FCUiosclub;
				TargetAttributes = {
					157AAC2722CC91B7001A8154 = {
						CreatedOnToolsVersion = 9.4.1;
					};
				};
			};
			buildConfigurationList = 157AAC2322CC91B7001A8154 /* Build configuration list for PBXProject "iOSClub" */;
			compatibilityVersion = "Xcode 9.3";
			developmentRegion = en;
			hasScannedForEncodings = 0;
			knownRegions = (
				en,
				Base,
			);
			mainGroup = 157AAC1F22CC91B7001A8154;
			productRefGroup = 157AAC2922CC91B7001A8154 /* Products */;
			projectDirPath = "";
			projectRoot = "";
			targets = (
				157AAC2722CC91B7001A8154 /* iOSClub */,
			);
		};
/* End PBXProject section */

/* Begin PBXResourcesBuildPhase section */
		157AAC2622CC91B7001A8154 /* Resources */ = {
			isa = PBXResourcesBuildPhase;
			buildActionMask = 2147483647;
			files = (
				157AAC3922CC91B9001A8154 /* LaunchScreen.storyboard in Resources */,
				157AAC3622CC91B9001A8154 /* Assets.xcassets in Resources */,
				1176271C22CE0E4500A99999 /* ActivityStoryboard.storyboard in Resources */,
				157AAC3122CC91B8001A8154 /* Main.storyboard in Resources */,
				B785B54E22CDB39700F6BAB0 /* AboutUsStoryboard.storyboard in Resources */,
				7638E40922CDD83D00951660 /* curriculumStoryboard.storyboard in Resources */,
				7698357722D1E3EB00979602 /* xcodeStoryboard.storyboard in Resources */,
				3B0A463322CDB70A008CCF1C /* TheMainStoryboard.storyboard in Resources */,
				4225045922CF229700063948 /* TimelineTableViewCell.xib in Resources */,
				3B0A463122CDB364008CCF1C /* GameStoryboard.storyboard in Resources */,
				424F034D22CF51FF00B5F3DA /* AboutUsTableViewCell.xib in Resources */,
			);
			runOnlyForDeploymentPostprocessing = 0;
		};
/* End PBXResourcesBuildPhase section */

/* Begin PBXShellScriptBuildPhase section */
		955190933F195EBA8AD8D5C8 /* [CP] Embed Pods Frameworks */ = {
			isa = PBXShellScriptBuildPhase;
			buildActionMask = 2147483647;
			files = (
			);
			inputFileListPaths = (
				"${PODS_ROOT}/Target Support Files/Pods-iOSClub/Pods-iOSClub-frameworks-${CONFIGURATION}-input-files.xcfilelist",
			);
			name = "[CP] Embed Pods Frameworks";
			outputFileListPaths = (
				"${PODS_ROOT}/Target Support Files/Pods-iOSClub/Pods-iOSClub-frameworks-${CONFIGURATION}-output-files.xcfilelist",
			);
			runOnlyForDeploymentPostprocessing = 0;
			shellPath = /bin/sh;
			shellScript = "\"${PODS_ROOT}/Target Support Files/Pods-iOSClub/Pods-iOSClub-frameworks.sh\"\n";
			showEnvVarsInLog = 0;
		};
		DC66A216463D1F83C2A0943D /* [CP] Check Pods Manifest.lock */ = {
			isa = PBXShellScriptBuildPhase;
			buildActionMask = 2147483647;
			files = (
			);
			inputPaths = (
				"${PODS_PODFILE_DIR_PATH}/Podfile.lock",
				"${PODS_ROOT}/Manifest.lock",
			);
			name = "[CP] Check Pods Manifest.lock";
			outputPaths = (
				"$(DERIVED_FILE_DIR)/Pods-iOSClub-checkManifestLockResult.txt",
			);
			runOnlyForDeploymentPostprocessing = 0;
			shellPath = /bin/sh;
			shellScript = "diff \"${PODS_PODFILE_DIR_PATH}/Podfile.lock\" \"${PODS_ROOT}/Manifest.lock\" > /dev/null\nif [ $? != 0 ] ; then\n    # print error to STDERR\n    echo \"error: The sandbox is not in sync with the Podfile.lock. Run 'pod install' or update your CocoaPods installation.\" >&2\n    exit 1\nfi\n# This output is used by Xcode 'outputs' to avoid re-running this script phase.\necho \"SUCCESS\" > \"${SCRIPT_OUTPUT_FILE_0}\"\n";
			showEnvVarsInLog = 0;
		};
/* End PBXShellScriptBuildPhase section */

/* Begin PBXSourcesBuildPhase section */
		157AAC2422CC91B7001A8154 /* Sources */ = {
			isa = PBXSourcesBuildPhase;
			buildActionMask = 2147483647;
			files = (
				1FD625C422CDFF7100A04E92 /* TheMainMidViewController.swift in Sources */,
				24F174C622CEF60F00C8181D /* GamePlayingViewController.swift in Sources */,
				3B0A462D22CDB162008CCF1C /* GameViewController.swift in Sources */,
				1FFDDBE722D07F300029D317 /* ImageSlideshowViewController.swift in Sources */,
				424F035022CF5AB500B5F3DA /* CollapsibleTableViewHeader.swift in Sources */,
				4225045822CF229700063948 /* TimelineTableViewCell.swift in Sources */,
				157AAC2E22CC91B8001A8154 /* ViewController.swift in Sources */,
				3B019EFD22CF5F07009AD27B /* Quiz.swift in Sources */,
				1FD625C222CDF7A400A04E92 /* NaviViewController.swift in Sources */,
				1FFDDBE922D0A22F0029D317 /* TheMainTableViewController.swift in Sources */,
				76AC4B3F22CEF90100D492EF /* curriculumStoryboardCollectionViewController.swift in Sources */,
				157AAC2C22CC91B8001A8154 /* AppDelegate.swift in Sources */,
				B76239FC22CEF93E00D9A2DC /* AboutUsData.swift in Sources */,
				424F034C22CF51FF00B5F3DA /* AboutUsTableViewCell.swift in Sources */,
				24F174D122D05CF200C8181D /* GameFinishViewController.swift in Sources */,
				424F035122CF5AB500B5F3DA /* CollapsibleTableSectionViewController.swift in Sources */,
				4225045A22CF229700063948 /* Timeline.swift in Sources */,
				24A217CF22D44285008E366F /* XcodeSimulatorViewController.swift in Sources */,
				427F9B4522CFDA4200C525C9 /* AboutUsViewController.swift in Sources */,
				3B019EF622CF33E8009AD27B /* AboutUsData.swift in Sources */,
				7698357522D1DCFA00979602 /* xcodeTableViewController.swift in Sources */,
				767AF5F422D3C42B0088CC7F /* xcodeLibTableViewCell.swift in Sources */,
				1176271D22CE0E4500A99999 /* ActivityViewController.swift in Sources */,
				76AC4B3E22CEF5D300D492EF /* CurriculumCollectionViewCell.swift in Sources */,
				157AAC3422CC91B8001A8154 /* iOSClub.xcdatamodeld in Sources */,
				4225045722CF229700063948 /* TimelinePoint.swift in Sources */,
			);
			runOnlyForDeploymentPostprocessing = 0;
		};
/* End PBXSourcesBuildPhase section */

/* Begin PBXVariantGroup section */
		157AAC2F22CC91B8001A8154 /* Main.storyboard */ = {
			isa = PBXVariantGroup;
			children = (
				157AAC3022CC91B8001A8154 /* Base */,
			);
			name = Main.storyboard;
			sourceTree = "<group>";
		};
		157AAC3722CC91B9001A8154 /* LaunchScreen.storyboard */ = {
			isa = PBXVariantGroup;
			children = (
				157AAC3822CC91B9001A8154 /* Base */,
			);
			name = LaunchScreen.storyboard;
			sourceTree = "<group>";
		};
/* End PBXVariantGroup section */

/* Begin XCBuildConfiguration section */
		157AAC3B22CC91B9001A8154 /* Debug */ = {
			isa = XCBuildConfiguration;
			buildSettings = {
				ALWAYS_SEARCH_USER_PATHS = NO;
				CLANG_ANALYZER_NONNULL = YES;
				CLANG_ANALYZER_NUMBER_OBJECT_CONVERSION = YES_AGGRESSIVE;
				CLANG_CXX_LANGUAGE_STANDARD = "gnu++14";
				CLANG_CXX_LIBRARY = "libc++";
				CLANG_ENABLE_MODULES = YES;
				CLANG_ENABLE_OBJC_ARC = YES;
				CLANG_ENABLE_OBJC_WEAK = YES;
				CLANG_WARN_BLOCK_CAPTURE_AUTORELEASING = YES;
				CLANG_WARN_BOOL_CONVERSION = YES;
				CLANG_WARN_COMMA = YES;
				CLANG_WARN_CONSTANT_CONVERSION = YES;
				CLANG_WARN_DEPRECATED_OBJC_IMPLEMENTATIONS = YES;
				CLANG_WARN_DIRECT_OBJC_ISA_USAGE = YES_ERROR;
				CLANG_WARN_DOCUMENTATION_COMMENTS = YES;
				CLANG_WARN_EMPTY_BODY = YES;
				CLANG_WARN_ENUM_CONVERSION = YES;
				CLANG_WARN_INFINITE_RECURSION = YES;
				CLANG_WARN_INT_CONVERSION = YES;
				CLANG_WARN_NON_LITERAL_NULL_CONVERSION = YES;
				CLANG_WARN_OBJC_IMPLICIT_RETAIN_SELF = YES;
				CLANG_WARN_OBJC_LITERAL_CONVERSION = YES;
				CLANG_WARN_OBJC_ROOT_CLASS = YES_ERROR;
				CLANG_WARN_RANGE_LOOP_ANALYSIS = YES;
				CLANG_WARN_STRICT_PROTOTYPES = YES;
				CLANG_WARN_SUSPICIOUS_MOVE = YES;
				CLANG_WARN_UNGUARDED_AVAILABILITY = YES_AGGRESSIVE;
				CLANG_WARN_UNREACHABLE_CODE = YES;
				CLANG_WARN__DUPLICATE_METHOD_MATCH = YES;
				CODE_SIGN_IDENTITY = "iPhone Developer";
				COPY_PHASE_STRIP = NO;
				DEBUG_INFORMATION_FORMAT = dwarf;
				ENABLE_STRICT_OBJC_MSGSEND = YES;
				ENABLE_TESTABILITY = YES;
				GCC_C_LANGUAGE_STANDARD = gnu11;
				GCC_DYNAMIC_NO_PIC = NO;
				GCC_NO_COMMON_BLOCKS = YES;
				GCC_OPTIMIZATION_LEVEL = 0;
				GCC_PREPROCESSOR_DEFINITIONS = (
					"DEBUG=1",
					"$(inherited)",
				);
				GCC_WARN_64_TO_32_BIT_CONVERSION = YES;
				GCC_WARN_ABOUT_RETURN_TYPE = YES_ERROR;
				GCC_WARN_UNDECLARED_SELECTOR = YES;
				GCC_WARN_UNINITIALIZED_AUTOS = YES_AGGRESSIVE;
				GCC_WARN_UNUSED_FUNCTION = YES;
				GCC_WARN_UNUSED_VARIABLE = YES;
				IPHONEOS_DEPLOYMENT_TARGET = 11.4;
				MTL_ENABLE_DEBUG_INFO = YES;
				ONLY_ACTIVE_ARCH = YES;
				SDKROOT = iphoneos;
				SWIFT_ACTIVE_COMPILATION_CONDITIONS = DEBUG;
				SWIFT_OPTIMIZATION_LEVEL = "-Onone";
			};
			name = Debug;
		};
		157AAC3C22CC91B9001A8154 /* Release */ = {
			isa = XCBuildConfiguration;
			buildSettings = {
				ALWAYS_SEARCH_USER_PATHS = NO;
				CLANG_ANALYZER_NONNULL = YES;
				CLANG_ANALYZER_NUMBER_OBJECT_CONVERSION = YES_AGGRESSIVE;
				CLANG_CXX_LANGUAGE_STANDARD = "gnu++14";
				CLANG_CXX_LIBRARY = "libc++";
				CLANG_ENABLE_MODULES = YES;
				CLANG_ENABLE_OBJC_ARC = YES;
				CLANG_ENABLE_OBJC_WEAK = YES;
				CLANG_WARN_BLOCK_CAPTURE_AUTORELEASING = YES;
				CLANG_WARN_BOOL_CONVERSION = YES;
				CLANG_WARN_COMMA = YES;
				CLANG_WARN_CONSTANT_CONVERSION = YES;
				CLANG_WARN_DEPRECATED_OBJC_IMPLEMENTATIONS = YES;
				CLANG_WARN_DIRECT_OBJC_ISA_USAGE = YES_ERROR;
				CLANG_WARN_DOCUMENTATION_COMMENTS = YES;
				CLANG_WARN_EMPTY_BODY = YES;
				CLANG_WARN_ENUM_CONVERSION = YES;
				CLANG_WARN_INFINITE_RECURSION = YES;
				CLANG_WARN_INT_CONVERSION = YES;
				CLANG_WARN_NON_LITERAL_NULL_CONVERSION = YES;
				CLANG_WARN_OBJC_IMPLICIT_RETAIN_SELF = YES;
				CLANG_WARN_OBJC_LITERAL_CONVERSION = YES;
				CLANG_WARN_OBJC_ROOT_CLASS = YES_ERROR;
				CLANG_WARN_RANGE_LOOP_ANALYSIS = YES;
				CLANG_WARN_STRICT_PROTOTYPES = YES;
				CLANG_WARN_SUSPICIOUS_MOVE = YES;
				CLANG_WARN_UNGUARDED_AVAILABILITY = YES_AGGRESSIVE;
				CLANG_WARN_UNREACHABLE_CODE = YES;
				CLANG_WARN__DUPLICATE_METHOD_MATCH = YES;
				CODE_SIGN_IDENTITY = "iPhone Developer";
				COPY_PHASE_STRIP = NO;
				DEBUG_INFORMATION_FORMAT = "dwarf-with-dsym";
				ENABLE_NS_ASSERTIONS = NO;
				ENABLE_STRICT_OBJC_MSGSEND = YES;
				GCC_C_LANGUAGE_STANDARD = gnu11;
				GCC_NO_COMMON_BLOCKS = YES;
				GCC_WARN_64_TO_32_BIT_CONVERSION = YES;
				GCC_WARN_ABOUT_RETURN_TYPE = YES_ERROR;
				GCC_WARN_UNDECLARED_SELECTOR = YES;
				GCC_WARN_UNINITIALIZED_AUTOS = YES_AGGRESSIVE;
				GCC_WARN_UNUSED_FUNCTION = YES;
				GCC_WARN_UNUSED_VARIABLE = YES;
				IPHONEOS_DEPLOYMENT_TARGET = 11.4;
				MTL_ENABLE_DEBUG_INFO = NO;
				SDKROOT = iphoneos;
				SWIFT_COMPILATION_MODE = wholemodule;
				SWIFT_OPTIMIZATION_LEVEL = "-O";
				VALIDATE_PRODUCT = YES;
			};
			name = Release;
		};
		157AAC3E22CC91B9001A8154 /* Debug */ = {
			isa = XCBuildConfiguration;
			baseConfigurationReference = 6CB93BD89AA300D0A4B5CDFA /* Pods-iOSClub.debug.xcconfig */;
			buildSettings = {
				ASSETCATALOG_COMPILER_APPICON_NAME = AppIcon;
				CODE_SIGN_STYLE = Automatic;
				DEVELOPMENT_TEAM = JJ9C6N9PC3;
				INFOPLIST_FILE = iOSClub/Info.plist;
				IPHONEOS_DEPLOYMENT_TARGET = 11.0;
				LD_RUNPATH_SEARCH_PATHS = (
					"$(inherited)",
					"@executable_path/Frameworks",
				);
				PRODUCT_BUNDLE_IDENTIFIER = tw.iosclub.iOSClub;
				PRODUCT_NAME = "$(TARGET_NAME)";
				SWIFT_VERSION = 4.2;
				TARGETED_DEVICE_FAMILY = "1,2";
			};
			name = Debug;
		};
		157AAC3F22CC91B9001A8154 /* Release */ = {
			isa = XCBuildConfiguration;
			baseConfigurationReference = 03D82A904314DE6C9E4722A5 /* Pods-iOSClub.release.xcconfig */;
			buildSettings = {
				ASSETCATALOG_COMPILER_APPICON_NAME = AppIcon;
				CODE_SIGN_STYLE = Automatic;
				DEVELOPMENT_TEAM = JJ9C6N9PC3;
				INFOPLIST_FILE = iOSClub/Info.plist;
				IPHONEOS_DEPLOYMENT_TARGET = 11.0;
				LD_RUNPATH_SEARCH_PATHS = (
					"$(inherited)",
					"@executable_path/Frameworks",
				);
				PRODUCT_BUNDLE_IDENTIFIER = tw.iosclub.iOSClub;
				PRODUCT_NAME = "$(TARGET_NAME)";
				SWIFT_VERSION = 4.2;
				TARGETED_DEVICE_FAMILY = "1,2";
			};
			name = Release;
		};
/* End XCBuildConfiguration section */

/* Begin XCConfigurationList section */
		157AAC2322CC91B7001A8154 /* Build configuration list for PBXProject "iOSClub" */ = {
			isa = XCConfigurationList;
			buildConfigurations = (
				157AAC3B22CC91B9001A8154 /* Debug */,
				157AAC3C22CC91B9001A8154 /* Release */,
			);
			defaultConfigurationIsVisible = 0;
			defaultConfigurationName = Release;
		};
		157AAC3D22CC91B9001A8154 /* Build configuration list for PBXNativeTarget "iOSClub" */ = {
			isa = XCConfigurationList;
			buildConfigurations = (
				157AAC3E22CC91B9001A8154 /* Debug */,
				157AAC3F22CC91B9001A8154 /* Release */,
			);
			defaultConfigurationIsVisible = 0;
			defaultConfigurationName = Release;
		};
/* End XCConfigurationList section */

/* Begin XCVersionGroup section */
		157AAC3222CC91B8001A8154 /* iOSClub.xcdatamodeld */ = {
			isa = XCVersionGroup;
			children = (
				157AAC3322CC91B8001A8154 /* iOSClub.xcdatamodel */,
			);
			currentVersion = 157AAC3322CC91B8001A8154 /* iOSClub.xcdatamodel */;
			path = iOSClub.xcdatamodeld;
			sourceTree = "<group>";
			versionGroupType = wrapper.xcdatamodel;
		};
/* End XCVersionGroup section */
	};
	rootObject = 157AAC2022CC91B7001A8154 /* Project object */;
}
